
Microsoft Visual Studio Solution File, Format Version 12.00
# Visual Studio Version 17
VisualStudioVersion = 17.3.32901.215
MinimumVisualStudioVersion = 10.0.40219.1
Project("{FAE04EC0-301F-11D3-BF4B-00C04F79EFBC}") = "Dz2", "Dz2\Dz2.csproj", "{5C01418F-3D45-4695-B417-F07595477884}"
EndProject
Global
	GlobalSection(SolutionConfigurationPlatforms) = preSolution
		Debug|Any CPU = Debug|Any CPU
		Release|Any CPU = Release|Any CPU
	EndGlobalSection
	GlobalSection(ProjectConfigurationPlatforms) = postSolution
		{5C01418F-3D45-4695-B417-F07595477884}.Debug|Any CPU.ActiveCfg = Debug|Any CPU
		{5C01418F-3D45-4695-B417-F07595477884}.Debug|Any CPU.Build.0 = Debug|Any CPU
		{5C01418F-3D45-4695-B417-F07595477884}.Release|Any CPU.ActiveCfg = Release|Any CPU
		{5C01418F-3D45-4695-B417-F07595477884}.Release|Any CPU.Build.0 = Release|Any CPU
	EndGlobalSection
	GlobalSection(SolutionProperties) = preSolution
		HideSolutionNode = FALSE
	EndGlobalSection
	GlobalSection(ExtensibilityGlobals) = postSolution
		SolutionGuid = {22CE34AD-84E0-41D8-9BAE-E13DF0EB7121}
	EndGlobalSection
EndGlobal
